
Microsoft Visual Studio Solution File, Format Version 12.00
# Visual Studio 15
VisualStudioVersion = 15.0.26206.0
MinimumVisualStudioVersion = 10.0.40219.1
Project("{FAE04EC0-301F-11D3-BF4B-00C04F79EFBC}") = "Explicit", "Explicit\Explicit.csproj", "{21EA808A-E905-47E2-A734-A29C410F23B7}"
EndProject
Project("{FAE04EC0-301F-11D3-BF4B-00C04F79EFBC}") = "Explicit.Domain", "Explicit.Domain\Explicit.Domain.csproj", "{0752C691-283D-4A7F-8B70-F6FD3AFEA476}"
EndProject
Global
	GlobalSection(SolutionConfigurationPlatforms) = preSolution
		Debug|Any CPU = Debug|Any CPU
		Debug|x64 = Debug|x64
		Debug|x86 = Debug|x86
		Release|Any CPU = Release|Any CPU
		Release|x64 = Release|x64
		Release|x86 = Release|x86
	EndGlobalSection
	GlobalSection(ProjectConfigurationPlatforms) = postSolution
		{21EA808A-E905-47E2-A734-A29C410F23B7}.Debug|Any CPU.ActiveCfg = Debug|Any CPU
		{21EA808A-E905-47E2-A734-A29C410F23B7}.Debug|Any CPU.Build.0 = Debug|Any CPU
		{21EA808A-E905-47E2-A734-A29C410F23B7}.Debug|x64.ActiveCfg = Debug|x64
		{21EA808A-E905-47E2-A734-A29C410F23B7}.Debug|x64.Build.0 = Debug|x64
		{21EA808A-E905-47E2-A734-A29C410F23B7}.Debug|x86.ActiveCfg = Debug|x86
		{21EA808A-E905-47E2-A734-A29C410F23B7}.Debug|x86.Build.0 = Debug|x86
		{21EA808A-E905-47E2-A734-A29C410F23B7}.Release|Any CPU.ActiveCfg = Release|Any CPU
		{21EA808A-E905-47E2-A734-A29C410F23B7}.Release|Any CPU.Build.0 = Release|Any CPU
		{21EA808A-E905-47E2-A734-A29C410F23B7}.Release|x64.ActiveCfg = Release|x64
		{21EA808A-E905-47E2-A734-A29C410F23B7}.Release|x64.Build.0 = Release|x64
		{21EA808A-E905-47E2-A734-A29C410F23B7}.Release|x86.ActiveCfg = Release|x86
		{21EA808A-E905-47E2-A734-A29C410F23B7}.Release|x86.Build.0 = Release|x86
		{0752C691-283D-4A7F-8B70-F6FD3AFEA476}.Debug|Any CPU.ActiveCfg = Debug|Any CPU
		{0752C691-283D-4A7F-8B70-F6FD3AFEA476}.Debug|Any CPU.Build.0 = Debug|Any CPU
		{0752C691-283D-4A7F-8B70-F6FD3AFEA476}.Debug|x64.ActiveCfg = Debug|x64
		{0752C691-283D-4A7F-8B70-F6FD3AFEA476}.Debug|x64.Build.0 = Debug|x64
		{0752C691-283D-4A7F-8B70-F6FD3AFEA476}.Debug|x86.ActiveCfg = Debug|x86
		{0752C691-283D-4A7F-8B70-F6FD3AFEA476}.Debug|x86.Build.0 = Debug|x86
		{0752C691-283D-4A7F-8B70-F6FD3AFEA476}.Release|Any CPU.ActiveCfg = Release|Any CPU
		{0752C691-283D-4A7F-8B70-F6FD3AFEA476}.Release|Any CPU.Build.0 = Release|Any CPU
		{0752C691-283D-4A7F-8B70-F6FD3AFEA476}.Release|x64.ActiveCfg = Release|x64
		{0752C691-283D-4A7F-8B70-F6FD3AFEA476}.Release|x64.Build.0 = Release|x64
		{0752C691-283D-4A7F-8B70-F6FD3AFEA476}.Release|x86.ActiveCfg = Release|x86
		{0752C691-283D-4A7F-8B70-F6FD3AFEA476}.Release|x86.Build.0 = Release|x86
	EndGlobalSection
	GlobalSection(SolutionProperties) = preSolution
		HideSolutionNode = FALSE
	EndGlobalSection
EndGlobal
