
Microsoft Visual Studio Solution File, Format Version 12.00
# Visual Studio 15
VisualStudioVersion = 15.0.26206.0
MinimumVisualStudioVersion = 10.0.40219.1
Project("{9A19103F-16F7-4668-BE54-9A1E7A4F7556}") = "Peoples", "Peoples\Peoples.csproj", "{2525E5F0-685D-46C1-9823-EC6BB36C12C7}"
EndProject
Project("{2150E333-8FDC-42A3-9474-1A3956D46DE8}") = "Repositories", "Repositories", "{D17B4488-D844-42CF-B928-E0D860D09E1B}"
EndProject
Project("{2150E333-8FDC-42A3-9474-1A3956D46DE8}") = "Service", "Service", "{890B5EB4-EAD3-460C-9A66-57A63628D213}"
EndProject
Project("{9A19103F-16F7-4668-BE54-9A1E7A4F7556}") = "Peoples.Repositories.Interface", "Peoples.Repositories.Interface\Peoples.Repositories.Interface.csproj", "{30D24D11-8C18-4287-A5F8-1D2421FC6189}"
EndProject
Project("{9A19103F-16F7-4668-BE54-9A1E7A4F7556}") = "Peoples.Repositories.Service", "Peoples.Repositories.Service\Peoples.Repositories.Service.csproj", "{EE140CA3-A818-4B6C-9DE0-0A1398C74601}"
EndProject
Project("{9A19103F-16F7-4668-BE54-9A1E7A4F7556}") = "Peoples.Repository.Memory", "Peoples.Repository.Memory\Peoples.Repository.Memory.csproj", "{A61FB595-9AD2-4A54-A291-547670439512}"
EndProject
Project("{9A19103F-16F7-4668-BE54-9A1E7A4F7556}") = "People.ExternalService", "People.ExternalService\People.ExternalService.csproj", "{75FE74E6-3512-4B40-9B64-139694A4581D}"
EndProject
Project("{FAE04EC0-301F-11D3-BF4B-00C04F79EFBC}") = "Peoples.Core", "Peoples.Core\Peoples.Core.csproj", "{ACAE3BC6-FE84-4A5D-96AF-CB8D9859264B}"
EndProject
Project("{FAE04EC0-301F-11D3-BF4B-00C04F79EFBC}") = "Peoples.Service", "Peoples.Service\Peoples.Service.csproj", "{190F82CE-F955-4480-804D-39C04F346034}"
EndProject
Project("{2150E333-8FDC-42A3-9474-1A3956D46DE8}") = "Tests", "Tests", "{6CA767B0-54A6-4A37-BB78-81051F80EDDC}"
EndProject
Project("{FAE04EC0-301F-11D3-BF4B-00C04F79EFBC}") = "Peoples.Core.Test", "Peoples.Core.Test\Peoples.Core.Test.csproj", "{06C65225-1322-4E8B-B03B-F2CE9991BE86}"
EndProject
Project("{FAE04EC0-301F-11D3-BF4B-00C04F79EFBC}") = "Peoples.Service.Test", "Peoples.Service.Test\Peoples.Service.Test.csproj", "{45261287-DF03-4596-B09C-774F71A208E0}"
EndProject
Global
	GlobalSection(SolutionConfigurationPlatforms) = preSolution
		Debug|Any CPU = Debug|Any CPU
		Debug|x64 = Debug|x64
		Debug|x86 = Debug|x86
		Release|Any CPU = Release|Any CPU
		Release|x64 = Release|x64
		Release|x86 = Release|x86
	EndGlobalSection
	GlobalSection(ProjectConfigurationPlatforms) = postSolution
		{2525E5F0-685D-46C1-9823-EC6BB36C12C7}.Debug|Any CPU.ActiveCfg = Debug|Any CPU
		{2525E5F0-685D-46C1-9823-EC6BB36C12C7}.Debug|Any CPU.Build.0 = Debug|Any CPU
		{2525E5F0-685D-46C1-9823-EC6BB36C12C7}.Debug|x64.ActiveCfg = Debug|x64
		{2525E5F0-685D-46C1-9823-EC6BB36C12C7}.Debug|x64.Build.0 = Debug|x64
		{2525E5F0-685D-46C1-9823-EC6BB36C12C7}.Debug|x86.ActiveCfg = Debug|x86
		{2525E5F0-685D-46C1-9823-EC6BB36C12C7}.Debug|x86.Build.0 = Debug|x86
		{2525E5F0-685D-46C1-9823-EC6BB36C12C7}.Release|Any CPU.ActiveCfg = Release|Any CPU
		{2525E5F0-685D-46C1-9823-EC6BB36C12C7}.Release|Any CPU.Build.0 = Release|Any CPU
		{2525E5F0-685D-46C1-9823-EC6BB36C12C7}.Release|x64.ActiveCfg = Release|x64
		{2525E5F0-685D-46C1-9823-EC6BB36C12C7}.Release|x64.Build.0 = Release|x64
		{2525E5F0-685D-46C1-9823-EC6BB36C12C7}.Release|x86.ActiveCfg = Release|x86
		{2525E5F0-685D-46C1-9823-EC6BB36C12C7}.Release|x86.Build.0 = Release|x86
		{30D24D11-8C18-4287-A5F8-1D2421FC6189}.Debug|Any CPU.ActiveCfg = Debug|Any CPU
		{30D24D11-8C18-4287-A5F8-1D2421FC6189}.Debug|Any CPU.Build.0 = Debug|Any CPU
		{30D24D11-8C18-4287-A5F8-1D2421FC6189}.Debug|x64.ActiveCfg = Debug|x64
		{30D24D11-8C18-4287-A5F8-1D2421FC6189}.Debug|x64.Build.0 = Debug|x64
		{30D24D11-8C18-4287-A5F8-1D2421FC6189}.Debug|x86.ActiveCfg = Debug|x86
		{30D24D11-8C18-4287-A5F8-1D2421FC6189}.Debug|x86.Build.0 = Debug|x86
		{30D24D11-8C18-4287-A5F8-1D2421FC6189}.Release|Any CPU.ActiveCfg = Release|Any CPU
		{30D24D11-8C18-4287-A5F8-1D2421FC6189}.Release|Any CPU.Build.0 = Release|Any CPU
		{30D24D11-8C18-4287-A5F8-1D2421FC6189}.Release|x64.ActiveCfg = Release|x64
		{30D24D11-8C18-4287-A5F8-1D2421FC6189}.Release|x64.Build.0 = Release|x64
		{30D24D11-8C18-4287-A5F8-1D2421FC6189}.Release|x86.ActiveCfg = Release|x86
		{30D24D11-8C18-4287-A5F8-1D2421FC6189}.Release|x86.Build.0 = Release|x86
		{EE140CA3-A818-4B6C-9DE0-0A1398C74601}.Debug|Any CPU.ActiveCfg = Debug|Any CPU
		{EE140CA3-A818-4B6C-9DE0-0A1398C74601}.Debug|Any CPU.Build.0 = Debug|Any CPU
		{EE140CA3-A818-4B6C-9DE0-0A1398C74601}.Debug|x64.ActiveCfg = Debug|x64
		{EE140CA3-A818-4B6C-9DE0-0A1398C74601}.Debug|x64.Build.0 = Debug|x64
		{EE140CA3-A818-4B6C-9DE0-0A1398C74601}.Debug|x86.ActiveCfg = Debug|x86
		{EE140CA3-A818-4B6C-9DE0-0A1398C74601}.Debug|x86.Build.0 = Debug|x86
		{EE140CA3-A818-4B6C-9DE0-0A1398C74601}.Release|Any CPU.ActiveCfg = Release|Any CPU
		{EE140CA3-A818-4B6C-9DE0-0A1398C74601}.Release|Any CPU.Build.0 = Release|Any CPU
		{EE140CA3-A818-4B6C-9DE0-0A1398C74601}.Release|x64.ActiveCfg = Release|x64
		{EE140CA3-A818-4B6C-9DE0-0A1398C74601}.Release|x64.Build.0 = Release|x64
		{EE140CA3-A818-4B6C-9DE0-0A1398C74601}.Release|x86.ActiveCfg = Release|x86
		{EE140CA3-A818-4B6C-9DE0-0A1398C74601}.Release|x86.Build.0 = Release|x86
		{A61FB595-9AD2-4A54-A291-547670439512}.Debug|Any CPU.ActiveCfg = Debug|Any CPU
		{A61FB595-9AD2-4A54-A291-547670439512}.Debug|Any CPU.Build.0 = Debug|Any CPU
		{A61FB595-9AD2-4A54-A291-547670439512}.Debug|x64.ActiveCfg = Debug|x64
		{A61FB595-9AD2-4A54-A291-547670439512}.Debug|x64.Build.0 = Debug|x64
		{A61FB595-9AD2-4A54-A291-547670439512}.Debug|x86.ActiveCfg = Debug|x86
		{A61FB595-9AD2-4A54-A291-547670439512}.Debug|x86.Build.0 = Debug|x86
		{A61FB595-9AD2-4A54-A291-547670439512}.Release|Any CPU.ActiveCfg = Release|Any CPU
		{A61FB595-9AD2-4A54-A291-547670439512}.Release|Any CPU.Build.0 = Release|Any CPU
		{A61FB595-9AD2-4A54-A291-547670439512}.Release|x64.ActiveCfg = Release|x64
		{A61FB595-9AD2-4A54-A291-547670439512}.Release|x64.Build.0 = Release|x64
		{A61FB595-9AD2-4A54-A291-547670439512}.Release|x86.ActiveCfg = Release|x86
		{A61FB595-9AD2-4A54-A291-547670439512}.Release|x86.Build.0 = Release|x86
		{75FE74E6-3512-4B40-9B64-139694A4581D}.Debug|Any CPU.ActiveCfg = Debug|Any CPU
		{75FE74E6-3512-4B40-9B64-139694A4581D}.Debug|Any CPU.Build.0 = Debug|Any CPU
		{75FE74E6-3512-4B40-9B64-139694A4581D}.Debug|x64.ActiveCfg = Debug|x64
		{75FE74E6-3512-4B40-9B64-139694A4581D}.Debug|x64.Build.0 = Debug|x64
		{75FE74E6-3512-4B40-9B64-139694A4581D}.Debug|x86.ActiveCfg = Debug|x86
		{75FE74E6-3512-4B40-9B64-139694A4581D}.Debug|x86.Build.0 = Debug|x86
		{75FE74E6-3512-4B40-9B64-139694A4581D}.Release|Any CPU.ActiveCfg = Release|Any CPU
		{75FE74E6-3512-4B40-9B64-139694A4581D}.Release|Any CPU.Build.0 = Release|Any CPU
		{75FE74E6-3512-4B40-9B64-139694A4581D}.Release|x64.ActiveCfg = Release|x64
		{75FE74E6-3512-4B40-9B64-139694A4581D}.Release|x64.Build.0 = Release|x64
		{75FE74E6-3512-4B40-9B64-139694A4581D}.Release|x86.ActiveCfg = Release|x86
		{75FE74E6-3512-4B40-9B64-139694A4581D}.Release|x86.Build.0 = Release|x86
		{ACAE3BC6-FE84-4A5D-96AF-CB8D9859264B}.Debug|Any CPU.ActiveCfg = Debug|Any CPU
		{ACAE3BC6-FE84-4A5D-96AF-CB8D9859264B}.Debug|Any CPU.Build.0 = Debug|Any CPU
		{ACAE3BC6-FE84-4A5D-96AF-CB8D9859264B}.Debug|x64.ActiveCfg = Debug|x64
		{ACAE3BC6-FE84-4A5D-96AF-CB8D9859264B}.Debug|x64.Build.0 = Debug|x64
		{ACAE3BC6-FE84-4A5D-96AF-CB8D9859264B}.Debug|x86.ActiveCfg = Debug|x86
		{ACAE3BC6-FE84-4A5D-96AF-CB8D9859264B}.Debug|x86.Build.0 = Debug|x86
		{ACAE3BC6-FE84-4A5D-96AF-CB8D9859264B}.Release|Any CPU.ActiveCfg = Release|Any CPU
		{ACAE3BC6-FE84-4A5D-96AF-CB8D9859264B}.Release|Any CPU.Build.0 = Release|Any CPU
		{ACAE3BC6-FE84-4A5D-96AF-CB8D9859264B}.Release|x64.ActiveCfg = Release|x64
		{ACAE3BC6-FE84-4A5D-96AF-CB8D9859264B}.Release|x64.Build.0 = Release|x64
		{ACAE3BC6-FE84-4A5D-96AF-CB8D9859264B}.Release|x86.ActiveCfg = Release|x86
		{ACAE3BC6-FE84-4A5D-96AF-CB8D9859264B}.Release|x86.Build.0 = Release|x86
		{190F82CE-F955-4480-804D-39C04F346034}.Debug|Any CPU.ActiveCfg = Debug|Any CPU
		{190F82CE-F955-4480-804D-39C04F346034}.Debug|Any CPU.Build.0 = Debug|Any CPU
		{190F82CE-F955-4480-804D-39C04F346034}.Debug|x64.ActiveCfg = Debug|x64
		{190F82CE-F955-4480-804D-39C04F346034}.Debug|x64.Build.0 = Debug|x64
		{190F82CE-F955-4480-804D-39C04F346034}.Debug|x86.ActiveCfg = Debug|x86
		{190F82CE-F955-4480-804D-39C04F346034}.Debug|x86.Build.0 = Debug|x86
		{190F82CE-F955-4480-804D-39C04F346034}.Release|Any CPU.ActiveCfg = Release|Any CPU
		{190F82CE-F955-4480-804D-39C04F346034}.Release|Any CPU.Build.0 = Release|Any CPU
		{190F82CE-F955-4480-804D-39C04F346034}.Release|x64.ActiveCfg = Release|x64
		{190F82CE-F955-4480-804D-39C04F346034}.Release|x64.Build.0 = Release|x64
		{190F82CE-F955-4480-804D-39C04F346034}.Release|x86.ActiveCfg = Release|x86
		{190F82CE-F955-4480-804D-39C04F346034}.Release|x86.Build.0 = Release|x86
		{06C65225-1322-4E8B-B03B-F2CE9991BE86}.Debug|Any CPU.ActiveCfg = Debug|Any CPU
		{06C65225-1322-4E8B-B03B-F2CE9991BE86}.Debug|Any CPU.Build.0 = Debug|Any CPU
		{06C65225-1322-4E8B-B03B-F2CE9991BE86}.Debug|x64.ActiveCfg = Debug|x64
		{06C65225-1322-4E8B-B03B-F2CE9991BE86}.Debug|x64.Build.0 = Debug|x64
		{06C65225-1322-4E8B-B03B-F2CE9991BE86}.Debug|x86.ActiveCfg = Debug|x86
		{06C65225-1322-4E8B-B03B-F2CE9991BE86}.Debug|x86.Build.0 = Debug|x86
		{06C65225-1322-4E8B-B03B-F2CE9991BE86}.Release|Any CPU.ActiveCfg = Release|Any CPU
		{06C65225-1322-4E8B-B03B-F2CE9991BE86}.Release|Any CPU.Build.0 = Release|Any CPU
		{06C65225-1322-4E8B-B03B-F2CE9991BE86}.Release|x64.ActiveCfg = Release|x64
		{06C65225-1322-4E8B-B03B-F2CE9991BE86}.Release|x64.Build.0 = Release|x64
		{06C65225-1322-4E8B-B03B-F2CE9991BE86}.Release|x86.ActiveCfg = Release|x86
		{06C65225-1322-4E8B-B03B-F2CE9991BE86}.Release|x86.Build.0 = Release|x86
		{45261287-DF03-4596-B09C-774F71A208E0}.Debug|Any CPU.ActiveCfg = Debug|Any CPU
		{45261287-DF03-4596-B09C-774F71A208E0}.Debug|Any CPU.Build.0 = Debug|Any CPU
		{45261287-DF03-4596-B09C-774F71A208E0}.Debug|x64.ActiveCfg = Debug|x64
		{45261287-DF03-4596-B09C-774F71A208E0}.Debug|x64.Build.0 = Debug|x64
		{45261287-DF03-4596-B09C-774F71A208E0}.Debug|x86.ActiveCfg = Debug|x86
		{45261287-DF03-4596-B09C-774F71A208E0}.Debug|x86.Build.0 = Debug|x86
		{45261287-DF03-4596-B09C-774F71A208E0}.Release|Any CPU.ActiveCfg = Release|Any CPU
		{45261287-DF03-4596-B09C-774F71A208E0}.Release|Any CPU.Build.0 = Release|Any CPU
		{45261287-DF03-4596-B09C-774F71A208E0}.Release|x64.ActiveCfg = Release|x64
		{45261287-DF03-4596-B09C-774F71A208E0}.Release|x64.Build.0 = Release|x64
		{45261287-DF03-4596-B09C-774F71A208E0}.Release|x86.ActiveCfg = Release|x86
		{45261287-DF03-4596-B09C-774F71A208E0}.Release|x86.Build.0 = Release|x86
	EndGlobalSection
	GlobalSection(SolutionProperties) = preSolution
		HideSolutionNode = FALSE
	EndGlobalSection
	GlobalSection(NestedProjects) = preSolution
		{30D24D11-8C18-4287-A5F8-1D2421FC6189} = {D17B4488-D844-42CF-B928-E0D860D09E1B}
		{EE140CA3-A818-4B6C-9DE0-0A1398C74601} = {D17B4488-D844-42CF-B928-E0D860D09E1B}
		{A61FB595-9AD2-4A54-A291-547670439512} = {D17B4488-D844-42CF-B928-E0D860D09E1B}
		{75FE74E6-3512-4B40-9B64-139694A4581D} = {890B5EB4-EAD3-460C-9A66-57A63628D213}
		{06C65225-1322-4E8B-B03B-F2CE9991BE86} = {6CA767B0-54A6-4A37-BB78-81051F80EDDC}
		{45261287-DF03-4596-B09C-774F71A208E0} = {6CA767B0-54A6-4A37-BB78-81051F80EDDC}
	EndGlobalSection
EndGlobal
