
Microsoft Visual Studio Solution File, Format Version 12.00
# Visual Studio 15
VisualStudioVersion = 15.0.26020.0
MinimumVisualStudioVersion = 10.0.40219.1
Project("{FAE04EC0-301F-11D3-BF4B-00C04F79EFBC}") = "Peoples", "Peoples\Peoples.csproj", "{D5F6FC34-1F94-4607-9D67-82FFC680D248}"
EndProject
Project("{2150E333-8FDC-42A3-9474-1A3956D46DE8}") = "Repositories", "Repositories", "{361C24A2-00E2-44C3-A6AA-3B72C4930A3D}"
EndProject
Project("{2150E333-8FDC-42A3-9474-1A3956D46DE8}") = "Service", "Service", "{23D151E4-78EA-499B-9665-0FB8C5EB00C8}"
EndProject
Project("{FAE04EC0-301F-11D3-BF4B-00C04F79EFBC}") = "People.ExternalService", "People.ExternalService\People.ExternalService.csproj", "{91130D50-2C7A-4FB4-8C9E-B4ABF721A894}"
EndProject
Project("{FAE04EC0-301F-11D3-BF4B-00C04F79EFBC}") = "Peoples.Repositories.Interface", "Peoples.Repositories.Interface\Peoples.Repositories.Interface.csproj", "{F15CBF8E-2445-4879-A6C2-198EFB877A29}"
EndProject
Project("{FAE04EC0-301F-11D3-BF4B-00C04F79EFBC}") = "Peoples.Repositories.Service", "Peoples.Repositories.Service\Peoples.Repositories.Service.csproj", "{48C1FFFE-2502-4BA4-8E87-455BA3263B05}"
EndProject
Project("{FAE04EC0-301F-11D3-BF4B-00C04F79EFBC}") = "Peoples.Repository.Memory", "Peoples.Repository.Memory\Peoples.Repository.Memory.csproj", "{A0284A12-22C6-40F2-98E5-FFBC4708FE3F}"
EndProject
Global
	GlobalSection(SolutionConfigurationPlatforms) = preSolution
		Debug|Any CPU = Debug|Any CPU
		Debug|x64 = Debug|x64
		Debug|x86 = Debug|x86
		Release|Any CPU = Release|Any CPU
		Release|x64 = Release|x64
		Release|x86 = Release|x86
	EndGlobalSection
	GlobalSection(ProjectConfigurationPlatforms) = postSolution
		{D5F6FC34-1F94-4607-9D67-82FFC680D248}.Debug|Any CPU.ActiveCfg = Debug|Any CPU
		{D5F6FC34-1F94-4607-9D67-82FFC680D248}.Debug|Any CPU.Build.0 = Debug|Any CPU
		{D5F6FC34-1F94-4607-9D67-82FFC680D248}.Debug|x64.ActiveCfg = Debug|x64
		{D5F6FC34-1F94-4607-9D67-82FFC680D248}.Debug|x64.Build.0 = Debug|x64
		{D5F6FC34-1F94-4607-9D67-82FFC680D248}.Debug|x86.ActiveCfg = Debug|x86
		{D5F6FC34-1F94-4607-9D67-82FFC680D248}.Debug|x86.Build.0 = Debug|x86
		{D5F6FC34-1F94-4607-9D67-82FFC680D248}.Release|Any CPU.ActiveCfg = Release|Any CPU
		{D5F6FC34-1F94-4607-9D67-82FFC680D248}.Release|Any CPU.Build.0 = Release|Any CPU
		{D5F6FC34-1F94-4607-9D67-82FFC680D248}.Release|x64.ActiveCfg = Release|x64
		{D5F6FC34-1F94-4607-9D67-82FFC680D248}.Release|x64.Build.0 = Release|x64
		{D5F6FC34-1F94-4607-9D67-82FFC680D248}.Release|x86.ActiveCfg = Release|x86
		{D5F6FC34-1F94-4607-9D67-82FFC680D248}.Release|x86.Build.0 = Release|x86
		{91130D50-2C7A-4FB4-8C9E-B4ABF721A894}.Debug|Any CPU.ActiveCfg = Debug|Any CPU
		{91130D50-2C7A-4FB4-8C9E-B4ABF721A894}.Debug|Any CPU.Build.0 = Debug|Any CPU
		{91130D50-2C7A-4FB4-8C9E-B4ABF721A894}.Debug|x64.ActiveCfg = Debug|x64
		{91130D50-2C7A-4FB4-8C9E-B4ABF721A894}.Debug|x64.Build.0 = Debug|x64
		{91130D50-2C7A-4FB4-8C9E-B4ABF721A894}.Debug|x86.ActiveCfg = Debug|x86
		{91130D50-2C7A-4FB4-8C9E-B4ABF721A894}.Debug|x86.Build.0 = Debug|x86
		{91130D50-2C7A-4FB4-8C9E-B4ABF721A894}.Release|Any CPU.ActiveCfg = Release|Any CPU
		{91130D50-2C7A-4FB4-8C9E-B4ABF721A894}.Release|Any CPU.Build.0 = Release|Any CPU
		{91130D50-2C7A-4FB4-8C9E-B4ABF721A894}.Release|x64.ActiveCfg = Release|x64
		{91130D50-2C7A-4FB4-8C9E-B4ABF721A894}.Release|x64.Build.0 = Release|x64
		{91130D50-2C7A-4FB4-8C9E-B4ABF721A894}.Release|x86.ActiveCfg = Release|x86
		{91130D50-2C7A-4FB4-8C9E-B4ABF721A894}.Release|x86.Build.0 = Release|x86
		{F15CBF8E-2445-4879-A6C2-198EFB877A29}.Debug|Any CPU.ActiveCfg = Debug|Any CPU
		{F15CBF8E-2445-4879-A6C2-198EFB877A29}.Debug|Any CPU.Build.0 = Debug|Any CPU
		{F15CBF8E-2445-4879-A6C2-198EFB877A29}.Debug|x64.ActiveCfg = Debug|x64
		{F15CBF8E-2445-4879-A6C2-198EFB877A29}.Debug|x64.Build.0 = Debug|x64
		{F15CBF8E-2445-4879-A6C2-198EFB877A29}.Debug|x86.ActiveCfg = Debug|x86
		{F15CBF8E-2445-4879-A6C2-198EFB877A29}.Debug|x86.Build.0 = Debug|x86
		{F15CBF8E-2445-4879-A6C2-198EFB877A29}.Release|Any CPU.ActiveCfg = Release|Any CPU
		{F15CBF8E-2445-4879-A6C2-198EFB877A29}.Release|Any CPU.Build.0 = Release|Any CPU
		{F15CBF8E-2445-4879-A6C2-198EFB877A29}.Release|x64.ActiveCfg = Release|x64
		{F15CBF8E-2445-4879-A6C2-198EFB877A29}.Release|x64.Build.0 = Release|x64
		{F15CBF8E-2445-4879-A6C2-198EFB877A29}.Release|x86.ActiveCfg = Release|x86
		{F15CBF8E-2445-4879-A6C2-198EFB877A29}.Release|x86.Build.0 = Release|x86
		{48C1FFFE-2502-4BA4-8E87-455BA3263B05}.Debug|Any CPU.ActiveCfg = Debug|Any CPU
		{48C1FFFE-2502-4BA4-8E87-455BA3263B05}.Debug|Any CPU.Build.0 = Debug|Any CPU
		{48C1FFFE-2502-4BA4-8E87-455BA3263B05}.Debug|x64.ActiveCfg = Debug|x64
		{48C1FFFE-2502-4BA4-8E87-455BA3263B05}.Debug|x64.Build.0 = Debug|x64
		{48C1FFFE-2502-4BA4-8E87-455BA3263B05}.Debug|x86.ActiveCfg = Debug|x86
		{48C1FFFE-2502-4BA4-8E87-455BA3263B05}.Debug|x86.Build.0 = Debug|x86
		{48C1FFFE-2502-4BA4-8E87-455BA3263B05}.Release|Any CPU.ActiveCfg = Release|Any CPU
		{48C1FFFE-2502-4BA4-8E87-455BA3263B05}.Release|Any CPU.Build.0 = Release|Any CPU
		{48C1FFFE-2502-4BA4-8E87-455BA3263B05}.Release|x64.ActiveCfg = Release|x64
		{48C1FFFE-2502-4BA4-8E87-455BA3263B05}.Release|x64.Build.0 = Release|x64
		{48C1FFFE-2502-4BA4-8E87-455BA3263B05}.Release|x86.ActiveCfg = Release|x86
		{48C1FFFE-2502-4BA4-8E87-455BA3263B05}.Release|x86.Build.0 = Release|x86
		{A0284A12-22C6-40F2-98E5-FFBC4708FE3F}.Debug|Any CPU.ActiveCfg = Debug|Any CPU
		{A0284A12-22C6-40F2-98E5-FFBC4708FE3F}.Debug|Any CPU.Build.0 = Debug|Any CPU
		{A0284A12-22C6-40F2-98E5-FFBC4708FE3F}.Debug|x64.ActiveCfg = Debug|x64
		{A0284A12-22C6-40F2-98E5-FFBC4708FE3F}.Debug|x64.Build.0 = Debug|x64
		{A0284A12-22C6-40F2-98E5-FFBC4708FE3F}.Debug|x86.ActiveCfg = Debug|x86
		{A0284A12-22C6-40F2-98E5-FFBC4708FE3F}.Debug|x86.Build.0 = Debug|x86
		{A0284A12-22C6-40F2-98E5-FFBC4708FE3F}.Release|Any CPU.ActiveCfg = Release|Any CPU
		{A0284A12-22C6-40F2-98E5-FFBC4708FE3F}.Release|Any CPU.Build.0 = Release|Any CPU
		{A0284A12-22C6-40F2-98E5-FFBC4708FE3F}.Release|x64.ActiveCfg = Release|x64
		{A0284A12-22C6-40F2-98E5-FFBC4708FE3F}.Release|x64.Build.0 = Release|x64
		{A0284A12-22C6-40F2-98E5-FFBC4708FE3F}.Release|x86.ActiveCfg = Release|x86
		{A0284A12-22C6-40F2-98E5-FFBC4708FE3F}.Release|x86.Build.0 = Release|x86
	EndGlobalSection
	GlobalSection(SolutionProperties) = preSolution
		HideSolutionNode = FALSE
	EndGlobalSection
	GlobalSection(NestedProjects) = preSolution
		{91130D50-2C7A-4FB4-8C9E-B4ABF721A894} = {23D151E4-78EA-499B-9665-0FB8C5EB00C8}
		{F15CBF8E-2445-4879-A6C2-198EFB877A29} = {361C24A2-00E2-44C3-A6AA-3B72C4930A3D}
		{48C1FFFE-2502-4BA4-8E87-455BA3263B05} = {361C24A2-00E2-44C3-A6AA-3B72C4930A3D}
		{A0284A12-22C6-40F2-98E5-FFBC4708FE3F} = {361C24A2-00E2-44C3-A6AA-3B72C4930A3D}
	EndGlobalSection
EndGlobal
